
Microsoft Visual Studio Solution File, Format Version 12.00
# Visual Studio Version 16
VisualStudioVersion = 16.0.31321.278
MinimumVisualStudioVersion = 10.0.40219.1
Project("{FAE04EC0-301F-11D3-BF4B-00C04F79EFBC}") = "webAbogadosAsoc", "webAbogadosAsoc\webAbogadosAsoc.csproj", "{25FA67A2-8270-4151-B392-3ACC2708264E}"
EndProject
Global
	GlobalSection(SolutionConfigurationPlatforms) = preSolution
		Debug|Any CPU = Debug|Any CPU
		Release|Any CPU = Release|Any CPU
	EndGlobalSection
	GlobalSection(ProjectConfigurationPlatforms) = postSolution
		{25FA67A2-8270-4151-B392-3ACC2708264E}.Debug|Any CPU.ActiveCfg = Debug|Any CPU
		{25FA67A2-8270-4151-B392-3ACC2708264E}.Debug|Any CPU.Build.0 = Debug|Any CPU
		{25FA67A2-8270-4151-B392-3ACC2708264E}.Release|Any CPU.ActiveCfg = Release|Any CPU
		{25FA67A2-8270-4151-B392-3ACC2708264E}.Release|Any CPU.Build.0 = Release|Any CPU
	EndGlobalSection
	GlobalSection(SolutionProperties) = preSolution
		HideSolutionNode = FALSE
	EndGlobalSection
	GlobalSection(ExtensibilityGlobals) = postSolution
		SolutionGuid = {2E4199D9-4F90-4530-A5F6-A6284070BBBB}
	EndGlobalSection
EndGlobal
