
Microsoft Visual Studio Solution File, Format Version 12.00
# Visual Studio Version 16
VisualStudioVersion = 16.0.30804.86
MinimumVisualStudioVersion = 10.0.40219.1
Project("{FAE04EC0-301F-11D3-BF4B-00C04F79EFBC}") = "libLlenarGrids", "libLlenarGrids\libLlenarGrids.csproj", "{358CDA0D-F0EB-45CE-BC7A-77596ECEF0CE}"
EndProject
Global
	GlobalSection(SolutionConfigurationPlatforms) = preSolution
		Debug|Any CPU = Debug|Any CPU
		Release|Any CPU = Release|Any CPU
	EndGlobalSection
	GlobalSection(ProjectConfigurationPlatforms) = postSolution
		{358CDA0D-F0EB-45CE-BC7A-77596ECEF0CE}.Debug|Any CPU.ActiveCfg = Debug|Any CPU
		{358CDA0D-F0EB-45CE-BC7A-77596ECEF0CE}.Debug|Any CPU.Build.0 = Debug|Any CPU
		{358CDA0D-F0EB-45CE-BC7A-77596ECEF0CE}.Release|Any CPU.ActiveCfg = Release|Any CPU
		{358CDA0D-F0EB-45CE-BC7A-77596ECEF0CE}.Release|Any CPU.Build.0 = Release|Any CPU
	EndGlobalSection
	GlobalSection(SolutionProperties) = preSolution
		HideSolutionNode = FALSE
	EndGlobalSection
	GlobalSection(ExtensibilityGlobals) = postSolution
		SolutionGuid = {7EE9CB6E-4567-41AE-972E-CFFCC56E168E}
	EndGlobalSection
EndGlobal
